// !$*UTF8*$!
{
	archiveVersion = 1;
	classes = {
	};
	objectVersion = 46;
	objects = {

/* Begin PBXBuildFile section */
		85A16C061A326E9B008E6FCF /* AppDelegate.swift in Sources */ = {isa = PBXBuildFile; fileRef = 85A16C051A326E9B008E6FCF /* AppDelegate.swift */; };
		85A16C081A326E9B008E6FCF /* ViewController.swift in Sources */ = {isa = PBXBuildFile; fileRef = 85A16C071A326E9B008E6FCF /* ViewController.swift */; };
		85A16C0B1A326E9B008E6FCF /* Main.storyboard in Resources */ = {isa = PBXBuildFile; fileRef = 85A16C091A326E9B008E6FCF /* Main.storyboard */; };
		85A16C0D1A326E9B008E6FCF /* Images.xcassets in Resources */ = {isa = PBXBuildFile; fileRef = 85A16C0C1A326E9B008E6FCF /* Images.xcassets */; };
		85A16C101A326E9B008E6FCF /* LaunchScreen.xib in Resources */ = {isa = PBXBuildFile; fileRef = 85A16C0E1A326E9B008E6FCF /* LaunchScreen.xib */; };
		85A16C1C1A326E9B008E6FCF /* CircleTransitionTests.swift in Sources */ = {isa = PBXBuildFile; fileRef = 85A16C1B1A326E9B008E6FCF /* CircleTransitionTests.swift */; };
		85A16C281A32783C008E6FCF /* NavigationControllerDelegate.swift in Sources */ = {isa = PBXBuildFile; fileRef = 85A16C271A32783C008E6FCF /* NavigationControllerDelegate.swift */; };
		85A16C2A1A327956008E6FCF /* CircleTransitionAnimator.swift in Sources */ = {isa = PBXBuildFile; fileRef = 85A16C291A327955008E6FCF /* CircleTransitionAnimator.swift */; };
/* End PBXBuildFile section */

/* Begin PBXContainerItemProxy section */
		85A16C161A326E9B008E6FCF /* PBXContainerItemProxy */ = {
			isa = PBXContainerItemProxy;
			containerPortal = 85A16BF81A326E9A008E6FCF /* Project object */;
			proxyType = 1;
			remoteGlobalIDString = 85A16BFF1A326E9B008E6FCF;
			remoteInfo = CircleTransition;
		};
/* End PBXContainerItemProxy section */

/* Begin PBXFileReference section */
		85A16C001A326E9B008E6FCF /* CircleTransition.app */ = {isa = PBXFileReference; explicitFileType = wrapper.application; includeInIndex = 0; path = CircleTransition.app; sourceTree = BUILT_PRODUCTS_DIR; };
		85A16C041A326E9B008E6FCF /* Info.plist */ = {isa = PBXFileReference; lastKnownFileType = text.plist.xml; path = Info.plist; sourceTree = "<group>"; };
		85A16C051A326E9B008E6FCF /* AppDelegate.swift */ = {isa = PBXFileReference; lastKnownFileType = sourcecode.swift; path = AppDelegate.swift; sourceTree = "<group>"; };
		85A16C071A326E9B008E6FCF /* ViewController.swift */ = {isa = PBXFileReference; lastKnownFileType = sourcecode.swift; path = ViewController.swift; sourceTree = "<group>"; };
		85A16C0A1A326E9B008E6FCF /* Base */ = {isa = PBXFileReference; lastKnownFileType = file.storyboard; name = Base; path = Base.lproj/Main.storyboard; sourceTree = "<group>"; };
		85A16C0C1A326E9B008E6FCF /* Images.xcassets */ = {isa = PBXFileReference; lastKnownFileType = folder.assetcatalog; path = Images.xcassets; sourceTree = "<group>"; };
		85A16C0F1A326E9B008E6FCF /* Base */ = {isa = PBXFileReference; lastKnownFileType = file.xib; name = Base; path = Base.lproj/LaunchScreen.xib; sourceTree = "<group>"; };
		85A16C151A326E9B008E6FCF /* CircleTransitionTests.xctest */ = {isa = PBXFileReference; explicitFileType = wrapper.cfbundle; includeInIndex = 0; path = CircleTransitionTests.xctest; sourceTree = BUILT_PRODUCTS_DIR; };
		85A16C1A1A326E9B008E6FCF /* Info.plist */ = {isa = PBXFileReference; lastKnownFileType = text.plist.xml; path = Info.plist; sourceTree = "<group>"; };
		85A16C1B1A326E9B008E6FCF /* CircleTransitionTests.swift */ = {isa = PBXFileReference; lastKnownFileType = sourcecode.swift; path = CircleTransitionTests.swift; sourceTree = "<group>"; };
		85A16C271A32783C008E6FCF /* NavigationControllerDelegate.swift */ = {isa = PBXFileReference; fileEncoding = 4; lastKnownFileType = sourcecode.swift; path = NavigationControllerDelegate.swift; sourceTree = "<group>"; };
		85A16C291A327955008E6FCF /* CircleTransitionAnimator.swift */ = {isa = PBXFileReference; fileEncoding = 4; lastKnownFileType = sourcecode.swift; path = CircleTransitionAnimator.swift; sourceTree = "<group>"; };
/* End PBXFileReference section */

/* Begin PBXFrameworksBuildPhase section */
		85A16BFD1A326E9B008E6FCF /* Frameworks */ = {
			isa = PBXFrameworksBuildPhase;
			buildActionMask = 2147483647;
			files = (
			);
			runOnlyForDeploymentPostprocessing = 0;
		};
		85A16C121A326E9B008E6FCF /* Frameworks */ = {
			isa = PBXFrameworksBuildPhase;
			buildActionMask = 2147483647;
			files = (
			);
			runOnlyForDeploymentPostprocessing = 0;
		};
/* End PBXFrameworksBuildPhase section */

/* Begin PBXGroup section */
		85A16BF71A326E9A008E6FCF = {
			isa = PBXGroup;
			children = (
				85A16C021A326E9B008E6FCF /* CircleTransition */,
				85A16C181A326E9B008E6FCF /* CircleTransitionTests */,
				85A16C011A326E9B008E6FCF /* Products */,
			);
			sourceTree = "<group>";
		};
		85A16C011A326E9B008E6FCF /* Products */ = {
			isa = PBXGroup;
			children = (
				85A16C001A326E9B008E6FCF /* CircleTransition.app */,
				85A16C151A326E9B008E6FCF /* CircleTransitionTests.xctest */,
			);
			name = Products;
			sourceTree = "<group>";
		};
		85A16C021A326E9B008E6FCF /* CircleTransition */ = {
			isa = PBXGroup;
			children = (
				85A16C051A326E9B008E6FCF /* AppDelegate.swift */,
				85A16C071A326E9B008E6FCF /* ViewController.swift */,
				85A16C091A326E9B008E6FCF /* Main.storyboard */,
				85A16C0C1A326E9B008E6FCF /* Images.xcassets */,
				85A16C0E1A326E9B008E6FCF /* LaunchScreen.xib */,
				85A16C031A326E9B008E6FCF /* Supporting Files */,
				85A16C271A32783C008E6FCF /* NavigationControllerDelegate.swift */,
				85A16C291A327955008E6FCF /* CircleTransitionAnimator.swift */,
			);
			path = CircleTransition;
			sourceTree = "<group>";
		};
		85A16C031A326E9B008E6FCF /* Supporting Files */ = {
			isa = PBXGroup;
			children = (
				85A16C041A326E9B008E6FCF /* Info.plist */,
			);
			name = "Supporting Files";
			sourceTree = "<group>";
		};
		85A16C181A326E9B008E6FCF /* CircleTransitionTests */ = {
			isa = PBXGroup;
			children = (
				85A16C1B1A326E9B008E6FCF /* CircleTransitionTests.swift */,
				85A16C191A326E9B008E6FCF /* Supporting Files */,
			);
			path = CircleTransitionTests;
			sourceTree = "<group>";
		};
		85A16C191A326E9B008E6FCF /* Supporting Files */ = {
			isa = PBXGroup;
			children = (
				85A16C1A1A326E9B008E6FCF /* Info.plist */,
			);
			name = "Supporting Files";
			sourceTree = "<group>";
		};
/* End PBXGroup section */

/* Begin PBXNativeTarget section */
		85A16BFF1A326E9B008E6FCF /* CircleTransition */ = {
			isa = PBXNativeTarget;
			buildConfigurationList = 85A16C1F1A326E9B008E6FCF /* Build configuration list for PBXNativeTarget "CircleTransition" */;
			buildPhases = (
				85A16BFC1A326E9B008E6FCF /* Sources */,
				85A16BFD1A326E9B008E6FCF /* Frameworks */,
				85A16BFE1A326E9B008E6FCF /* Resources */,
			);
			buildRules = (
			);
			dependencies = (
			);
			name = CircleTransition;
			productName = CircleTransition;
			productReference = 85A16C001A326E9B008E6FCF /* CircleTransition.app */;
			productType = "com.apple.product-type.application";
		};
		85A16C141A326E9B008E6FCF /* CircleTransitionTests */ = {
			isa = PBXNativeTarget;
			buildConfigurationList = 85A16C221A326E9B008E6FCF /* Build configuration list for PBXNativeTarget "CircleTransitionTests" */;
			buildPhases = (
				85A16C111A326E9B008E6FCF /* Sources */,
				85A16C121A326E9B008E6FCF /* Frameworks */,
				85A16C131A326E9B008E6FCF /* Resources */,
			);
			buildRules = (
			);
			dependencies = (
				85A16C171A326E9B008E6FCF /* PBXTargetDependency */,
			);
			name = CircleTransitionTests;
			productName = CircleTransitionTests;
			productReference = 85A16C151A326E9B008E6FCF /* CircleTransitionTests.xctest */;
			productType = "com.apple.product-type.bundle.unit-test";
		};
/* End PBXNativeTarget section */

/* Begin PBXProject section */
		85A16BF81A326E9A008E6FCF /* Project object */ = {
			isa = PBXProject;
			attributes = {
				LastUpgradeCheck = 0610;
				ORGANIZATIONNAME = "Ziyang Tan";
				TargetAttributes = {
					85A16BFF1A326E9B008E6FCF = {
						CreatedOnToolsVersion = 6.1.1;
					};
					85A16C141A326E9B008E6FCF = {
						CreatedOnToolsVersion = 6.1.1;
						TestTargetID = 85A16BFF1A326E9B008E6FCF;
					};
				};
			};
			buildConfigurationList = 85A16BFB1A326E9B008E6FCF /* Build configuration list for PBXProject "CircleTransition" */;
			compatibilityVersion = "Xcode 3.2";
			developmentRegion = English;
			hasScannedForEncodings = 0;
			knownRegions = (
				en,
				Base,
			);
			mainGroup = 85A16BF71A326E9A008E6FCF;
			productRefGroup = 85A16C011A326E9B008E6FCF /* Products */;
			projectDirPath = "";
			projectRoot = "";
			targets = (
				85A16BFF1A326E9B008E6FCF /* CircleTransition */,
				85A16C141A326E9B008E6FCF /* CircleTransitionTests */,
			);
		};
/* End PBXProject section */

/* Begin PBXResourcesBuildPhase section */
		85A16BFE1A326E9B008E6FCF /* Resources */ = {
			isa = PBXResourcesBuildPhase;
			buildActionMask = 2147483647;
			files = (
				85A16C0B1A326E9B008E6FCF /* Main.storyboard in Resources */,
				85A16C101A326E9B008E6FCF /* LaunchScreen.xib in Resources */,
				85A16C0D1A326E9B008E6FCF /* Images.xcassets in Resources */,
			);
			runOnlyForDeploymentPostprocessing = 0;
		};
		85A16C131A326E9B008E6FCF /* Resources */ = {
			isa = PBXResourcesBuildPhase;
			buildActionMask = 2147483647;
			files = (
			);
			runOnlyForDeploymentPostprocessing = 0;
		};
/* End PBXResourcesBuildPhase section */

/* Begin PBXSourcesBuildPhase section */
		85A16BFC1A326E9B008E6FCF /* Sources */ = {
			isa = PBXSourcesBuildPhase;
			buildActionMask = 2147483647;
			files = (
				85A16C081A326E9B008E6FCF /* ViewController.swift in Sources */,
				85A16C2A1A327956008E6FCF /* CircleTransitionAnimator.swift in Sources */,
				85A16C281A32783C008E6FCF /* NavigationControllerDelegate.swift in Sources */,
				85A16C061A326E9B008E6FCF /* AppDelegate.swift in Sources */,
			);
			runOnlyForDeploymentPostprocessing = 0;
		};
		85A16C111A326E9B008E6FCF /* Sources */ = {
			isa = PBXSourcesBuildPhase;
			buildActionMask = 2147483647;
			files = (
				85A16C1C1A326E9B008E6FCF /* CircleTransitionTests.swift in Sources */,
			);
			runOnlyForDeploymentPostprocessing = 0;
		};
/* End PBXSourcesBuildPhase section */

/* Begin PBXTargetDependency section */
		85A16C171A326E9B008E6FCF /* PBXTargetDependency */ = {
			isa = PBXTargetDependency;
			target = 85A16BFF1A326E9B008E6FCF /* CircleTransition */;
			targetProxy = 85A16C161A326E9B008E6FCF /* PBXContainerItemProxy */;
		};
/* End PBXTargetDependency section */

/* Begin PBXVariantGroup section */
		85A16C091A326E9B008E6FCF /* Main.storyboard */ = {
			isa = PBXVariantGroup;
			children = (
				85A16C0A1A326E9B008E6FCF /* Base */,
			);
			name = Main.storyboard;
			sourceTree = "<group>";
		};
		85A16C0E1A326E9B008E6FCF /* LaunchScreen.xib */ = {
			isa = PBXVariantGroup;
			children = (
				85A16C0F1A326E9B008E6FCF /* Base */,
			);
			name = LaunchScreen.xib;
			sourceTree = "<group>";
		};
/* End PBXVariantGroup section */

/* Begin XCBuildConfiguration section */
		85A16C1D1A326E9B008E6FCF /* Debug */ = {
			isa = XCBuildConfiguration;
			buildSettings = {
				ALWAYS_SEARCH_USER_PATHS = NO;
				CLANG_CXX_LANGUAGE_STANDARD = "gnu++0x";
				CLANG_CXX_LIBRARY = "libc++";
				CLANG_ENABLE_MODULES = YES;
				CLANG_ENABLE_OBJC_ARC = YES;
				CLANG_WARN_BOOL_CONVERSION = YES;
				CLANG_WARN_CONSTANT_CONVERSION = YES;
				CLANG_WARN_DIRECT_OBJC_ISA_USAGE = YES_ERROR;
				CLANG_WARN_EMPTY_BODY = YES;
				CLANG_WARN_ENUM_CONVERSION = YES;
				CLANG_WARN_INT_CONVERSION = YES;
				CLANG_WARN_OBJC_ROOT_CLASS = YES_ERROR;
				CLANG_WARN_UNREACHABLE_CODE = YES;
				CLANG_WARN__DUPLICATE_METHOD_MATCH = YES;
				"CODE_SIGN_IDENTITY[sdk=iphoneos*]" = "iPhone Developer";
				COPY_PHASE_STRIP = NO;
				ENABLE_STRICT_OBJC_MSGSEND = YES;
				GCC_C_LANGUAGE_STANDARD = gnu99;
				GCC_DYNAMIC_NO_PIC = NO;
				GCC_OPTIMIZATION_LEVEL = 0;
				GCC_PREPROCESSOR_DEFINITIONS = (
					"DEBUG=1",
					"$(inherited)",
				);
				GCC_SYMBOLS_PRIVATE_EXTERN = NO;
				GCC_WARN_64_TO_32_BIT_CONVERSION = YES;
				GCC_WARN_ABOUT_RETURN_TYPE = YES_ERROR;
				GCC_WARN_UNDECLARED_SELECTOR = YES;
				GCC_WARN_UNINITIALIZED_AUTOS = YES_AGGRESSIVE;
				GCC_WARN_UNUSED_FUNCTION = YES;
				GCC_WARN_UNUSED_VARIABLE = YES;
				IPHONEOS_DEPLOYMENT_TARGET = 8.1;
				MTL_ENABLE_DEBUG_INFO = YES;
				ONLY_ACTIVE_ARCH = YES;
				SDKROOT = iphoneos;
				SWIFT_OPTIMIZATION_LEVEL = "-Onone";
			};
			name = Debug;
		};
		85A16C1E1A326E9B008E6FCF /* Release */ = {
			isa = XCBuildConfiguration;
			buildSettings = {
				ALWAYS_SEARCH_USER_PATHS = NO;
				CLANG_CXX_LANGUAGE_STANDARD = "gnu++0x";
				CLANG_CXX_LIBRARY = "libc++";
				CLANG_ENABLE_MODULES = YES;
				CLANG_ENABLE_OBJC_ARC = YES;
				CLANG_WARN_BOOL_CONVERSION = YES;
				CLANG_WARN_CONSTANT_CONVERSION = YES;
				CLANG_WARN_DIRECT_OBJC_ISA_USAGE = YES_ERROR;
				CLANG_WARN_EMPTY_BODY = YES;
				CLANG_WARN_ENUM_CONVERSION = YES;
				CLANG_WARN_INT_CONVERSION = YES;
				CLANG_WARN_OBJC_ROOT_CLASS = YES_ERROR;
				CLANG_WARN_UNREACHABLE_CODE = YES;
				CLANG_WARN__DUPLICATE_METHOD_MATCH = YES;
				"CODE_SIGN_IDENTITY[sdk=iphoneos*]" = "iPhone Developer";
				COPY_PHASE_STRIP = YES;
				ENABLE_NS_ASSERTIONS = NO;
				ENABLE_STRICT_OBJC_MSGSEND = YES;
				GCC_C_LANGUAGE_STANDARD = gnu99;
				GCC_WARN_64_TO_32_BIT_CONVERSION = YES;
				GCC_WARN_ABOUT_RETURN_TYPE = YES_ERROR;
				GCC_WARN_UNDECLARED_SELECTOR = YES;
				GCC_WARN_UNINITIALIZED_AUTOS = YES_AGGRESSIVE;
				GCC_WARN_UNUSED_FUNCTION = YES;
				GCC_WARN_UNUSED_VARIABLE = YES;
				IPHONEOS_DEPLOYMENT_TARGET = 8.1;
				MTL_ENABLE_DEBUG_INFO = NO;
				SDKROOT = iphoneos;
				VALIDATE_PRODUCT = YES;
			};
			name = Release;
		};
		85A16C201A326E9B008E6FCF /* Debug */ = {
			isa = XCBuildConfiguration;
			buildSettings = {
				ASSETCATALOG_COMPILER_APPICON_NAME = AppIcon;
				INFOPLIST_FILE = CircleTransition/Info.plist;
				LD_RUNPATH_SEARCH_PATHS = "$(inherited) @executable_path/Frameworks";
				PRODUCT_NAME = "$(TARGET_NAME)";
			};
			name = Debug;
		};
		85A16C211A326E9B008E6FCF /* Release */ = {
			isa = XCBuildConfiguration;
			buildSettings = {
				ASSETCATALOG_COMPILER_APPICON_NAME = AppIcon;
				INFOPLIST_FILE = CircleTransition/Info.plist;
				LD_RUNPATH_SEARCH_PATHS = "$(inherited) @executable_path/Frameworks";
				PRODUCT_NAME = "$(TARGET_NAME)";
			};
			name = Release;
		};
		85A16C231A326E9B008E6FCF /* Debug */ = {
			isa = XCBuildConfiguration;
			buildSettings = {
				BUNDLE_LOADER = "$(TEST_HOST)";
				FRAMEWORK_SEARCH_PATHS = (
					"$(SDKROOT)/Developer/Library/Frameworks",
					"$(inherited)",
				);
				GCC_PREPROCESSOR_DEFINITIONS = (
					"DEBUG=1",
					"$(inherited)",
				);
				INFOPLIST_FILE = CircleTransitionTests/Info.plist;
				LD_RUNPATH_SEARCH_PATHS = "$(inherited) @executable_path/Frameworks @loader_path/Frameworks";
				PRODUCT_NAME = "$(TARGET_NAME)";
				TEST_HOST = "$(BUILT_PRODUCTS_DIR)/CircleTransition.app/CircleTransition";
			};
			name = Debug;
		};
		85A16C241A326E9B008E6FCF /* Release */ = {
			isa = XCBuildConfiguration;
			buildSettings = {
				BUNDLE_LOADER = "$(TEST_HOST)";
				FRAMEWORK_SEARCH_PATHS = (
					"$(SDKROOT)/Developer/Library/Frameworks",
					"$(inherited)",
				);
				INFOPLIST_FILE = CircleTransitionTests/Info.plist;
				LD_RUNPATH_SEARCH_PATHS = "$(inherited) @executable_path/Frameworks @loader_path/Frameworks";
				PRODUCT_NAME = "$(TARGET_NAME)";
				TEST_HOST = "$(BUILT_PRODUCTS_DIR)/CircleTransition.app/CircleTransition";
			};
			name = Release;
		};
/* End XCBuildConfiguration section */

/* Begin XCConfigurationList section */
		85A16BFB1A326E9B008E6FCF /* Build configuration list for PBXProject "CircleTransition" */ = {
			isa = XCConfigurationList;
			buildConfigurations = (
				85A16C1D1A326E9B008E6FCF /* Debug */,
				85A16C1E1A326E9B008E6FCF /* Release */,
			);
			defaultConfigurationIsVisible = 0;
			defaultConfigurationName = Release;
		};
		85A16C1F1A326E9B008E6FCF /* Build configuration list for PBXNativeTarget "CircleTransition" */ = {
			isa = XCConfigurationList;
			buildConfigurations = (
				85A16C201A326E9B008E6FCF /* Debug */,
				85A16C211A326E9B008E6FCF /* Release */,
			);
			defaultConfigurationIsVisible = 0;
		};
		85A16C221A326E9B008E6FCF /* Build configuration list for PBXNativeTarget "CircleTransitionTests" */ = {
			isa = XCConfigurationList;
			buildConfigurations = (
				85A16C231A326E9B008E6FCF /* Debug */,
				85A16C241A326E9B008E6FCF /* Release */,
			);
			defaultConfigurationIsVisible = 0;
		};
/* End XCConfigurationList section */
	};
	rootObject = 85A16BF81A326E9A008E6FCF /* Project object */;
}
